
Microsoft Visual Studio Solution File, Format Version 12.00
# Visual Studio 14
VisualStudioVersion = 14.0.25420.1
MinimumVisualStudioVersion = 10.0.40219.1
Project("{8BC9CEB8-8B4A-11D0-8D11-00A0C91BC942}") = "Arc.Device", "Arc.Device.vcxproj", "{3FBB9660-7CCA-4447-A523-2754BFA52F2D}"
EndProject
Global
	GlobalSection(SolutionConfigurationPlatforms) = preSolution
		Debug|ARC_STM32F401RE = Debug|ARC_STM32F401RE
		Debug|NUCLEO_F401RE = Debug|NUCLEO_F401RE
		Debug|x86 = Debug|x86
		Release|ARC_STM32F401RE = Release|ARC_STM32F401RE
		Release|NUCLEO_F401RE = Release|NUCLEO_F401RE
		Release|x86 = Release|x86
	EndGlobalSection
	GlobalSection(ProjectConfigurationPlatforms) = postSolution
		{3FBB9660-7CCA-4447-A523-2754BFA52F2D}.Debug|ARC_STM32F401RE.ActiveCfg = Debug|ARM
		{3FBB9660-7CCA-4447-A523-2754BFA52F2D}.Debug|ARC_STM32F401RE.Build.0 = Debug|ARM
		{3FBB9660-7CCA-4447-A523-2754BFA52F2D}.Debug|NUCLEO_F401RE.ActiveCfg = Debug|Win32
		{3FBB9660-7CCA-4447-A523-2754BFA52F2D}.Debug|NUCLEO_F401RE.Build.0 = Debug|Win32
		{3FBB9660-7CCA-4447-A523-2754BFA52F2D}.Debug|x86.ActiveCfg = Debug|Win32
		{3FBB9660-7CCA-4447-A523-2754BFA52F2D}.Debug|x86.Build.0 = Debug|Win32
		{3FBB9660-7CCA-4447-A523-2754BFA52F2D}.Release|ARC_STM32F401RE.ActiveCfg = Release|ARM
		{3FBB9660-7CCA-4447-A523-2754BFA52F2D}.Release|ARC_STM32F401RE.Build.0 = Release|ARM
		{3FBB9660-7CCA-4447-A523-2754BFA52F2D}.Release|NUCLEO_F401RE.ActiveCfg = Release|Win32
		{3FBB9660-7CCA-4447-A523-2754BFA52F2D}.Release|NUCLEO_F401RE.Build.0 = Release|Win32
		{3FBB9660-7CCA-4447-A523-2754BFA52F2D}.Release|x86.ActiveCfg = Release|Win32
		{3FBB9660-7CCA-4447-A523-2754BFA52F2D}.Release|x86.Build.0 = Release|Win32
	EndGlobalSection
	GlobalSection(SolutionProperties) = preSolution
		HideSolutionNode = FALSE
	EndGlobalSection
EndGlobal
